<?xml version="1.0" encoding="utf-8"?>
<Project ToolsVersion="4.0" xmlns="http://schemas.microsoft.com/developer/msbuild/2003">
  <ItemGroup>
    <Filter Include="Source Files">
      <UniqueIdentifier>{4FC737F1-C7A5-4376-A066-2A32D752A2FF}</UniqueIdentifier>
      <Extensions>cpp;c;cc;cxx;c++;cppm;ixx;def;odl;idl;hpj;bat;asm;asmx</Extensions>
    </Filter>
    <Filter Include="Source Files\Server">
      <UniqueIdentifier>{510e9e2a-ffd8-4cd3-977f-2b7b02a9c470}</UniqueIdentifier>
    </Filter>
    <Filter Include="Source Files\Cache">
      <UniqueIdentifier>{34b48455-1c92-4eb6-946b-6eb658449e4b}</UniqueIdentifier>
    </Filter>
  </ItemGroup>
  <ItemGroup>
    <ClCompile Include="main.cpp">
      <Filter>Source Files</Filter>
    </ClCompile>
    <ClCompile Include="src\Server.cpp">
      <Filter>Source Files\Server</Filter>
    </ClCompile>
    <ClCompile Include="src\Cache.cpp">
      <Filter>Source Files\Cache</Filter>
    </ClCompile>
  </ItemGroup>
  <ItemGroup>
    <ClInclude Include="src\Server.h">
      <Filter>Source Files\Server</Filter>
    </ClInclude>
    <ClInclude Include="src\Cache.h">
      <Filter>Source Files\Cache</Filter>
    </ClInclude>
  </ItemGroup>
</Project>